
Microsoft Visual Studio Solution File, Format Version 12.00
# Visual Studio Version 16
VisualStudioVersion = 16.0.29905.134
MinimumVisualStudioVersion = 10.0.40219.1
Project("{FAE04EC0-301F-11D3-BF4B-00C04F79EFBC}") = "Isasask", "Isasask\Isasask.csproj", "{6E7B36D2-10AC-4598-BE85-ADA96646A320}"
EndProject
Global
	GlobalSection(SolutionConfigurationPlatforms) = preSolution
		Debug|Any CPU = Debug|Any CPU
		Release|Any CPU = Release|Any CPU
	EndGlobalSection
	GlobalSection(ProjectConfigurationPlatforms) = postSolution
		{6E7B36D2-10AC-4598-BE85-ADA96646A320}.Debug|Any CPU.ActiveCfg = Debug|Any CPU
		{6E7B36D2-10AC-4598-BE85-ADA96646A320}.Debug|Any CPU.Build.0 = Debug|Any CPU
		{6E7B36D2-10AC-4598-BE85-ADA96646A320}.Release|Any CPU.ActiveCfg = Release|Any CPU
		{6E7B36D2-10AC-4598-BE85-ADA96646A320}.Release|Any CPU.Build.0 = Release|Any CPU
	EndGlobalSection
	GlobalSection(SolutionProperties) = preSolution
		HideSolutionNode = FALSE
	EndGlobalSection
	GlobalSection(ExtensibilityGlobals) = postSolution
		SolutionGuid = {A3B70B59-69C1-43A3-BF6F-5FFA3184430F}
	EndGlobalSection
EndGlobal
